
Microsoft Visual Studio Solution File, Format Version 12.00
# Visual Studio 15
VisualStudioVersion = 15.0.27428.2015
MinimumVisualStudioVersion = 10.0.40219.1
Project("{FAE04EC0-301F-11D3-BF4B-00C04F79EFBC}") = "TeoVincent.ObjectAdapterPattern", "TeoVincent.ObjectAdapterPattern\TeoVincent.ObjectAdapterPattern.csproj", "{724A8339-DAB6-4373-9609-28C8B060232A}"
EndProject
Global
	GlobalSection(SolutionConfigurationPlatforms) = preSolution
		Debug|Any CPU = Debug|Any CPU
		Release|Any CPU = Release|Any CPU
	EndGlobalSection
	GlobalSection(ProjectConfigurationPlatforms) = postSolution
		{724A8339-DAB6-4373-9609-28C8B060232A}.Debug|Any CPU.ActiveCfg = Debug|Any CPU
		{724A8339-DAB6-4373-9609-28C8B060232A}.Debug|Any CPU.Build.0 = Debug|Any CPU
		{724A8339-DAB6-4373-9609-28C8B060232A}.Release|Any CPU.ActiveCfg = Release|Any CPU
		{724A8339-DAB6-4373-9609-28C8B060232A}.Release|Any CPU.Build.0 = Release|Any CPU
	EndGlobalSection
	GlobalSection(SolutionProperties) = preSolution
		HideSolutionNode = FALSE
	EndGlobalSection
	GlobalSection(ExtensibilityGlobals) = postSolution
		SolutionGuid = {7B61C734-7B70-4E9D-9421-986A7CF593A1}
	EndGlobalSection
EndGlobal
